
Microsoft Visual Studio Solution File, Format Version 12.00
# Visual Studio 15
VisualStudioVersion = 15.0.28307.1340
MinimumVisualStudioVersion = 10.0.40219.1
Project("{FAE04EC0-301F-11D3-BF4B-00C04F79EFBC}") = "SATProject", "SATProject\SATProject.csproj", "{B0F4ADE3-4994-45EC-AC1D-D5A5EE65319D}"
EndProject
Global
	GlobalSection(SolutionConfigurationPlatforms) = preSolution
		Debug|Any CPU = Debug|Any CPU
		Release|Any CPU = Release|Any CPU
	EndGlobalSection
	GlobalSection(ProjectConfigurationPlatforms) = postSolution
		{B0F4ADE3-4994-45EC-AC1D-D5A5EE65319D}.Debug|Any CPU.ActiveCfg = Debug|Any CPU
		{B0F4ADE3-4994-45EC-AC1D-D5A5EE65319D}.Debug|Any CPU.Build.0 = Debug|Any CPU
		{B0F4ADE3-4994-45EC-AC1D-D5A5EE65319D}.Release|Any CPU.ActiveCfg = Release|Any CPU
		{B0F4ADE3-4994-45EC-AC1D-D5A5EE65319D}.Release|Any CPU.Build.0 = Release|Any CPU
	EndGlobalSection
	GlobalSection(SolutionProperties) = preSolution
		HideSolutionNode = FALSE
	EndGlobalSection
	GlobalSection(ExtensibilityGlobals) = postSolution
		SolutionGuid = {4190C320-C632-442B-957F-8696FACD04D6}
	EndGlobalSection
EndGlobal
